
Microsoft Visual Studio Solution File, Format Version 12.00
# Visual Studio Version 17
VisualStudioVersion = 17.3.32825.248
MinimumVisualStudioVersion = 10.0.40219.1
Project("{FAE04EC0-301F-11D3-BF4B-00C04F79EFBC}") = "Functions", "Functions\Functions.csproj", "{12E3E6D5-1A25-4240-B1A4-AF950DC1EFB3}"
EndProject
Global
	GlobalSection(SolutionConfigurationPlatforms) = preSolution
		Debug|Any CPU = Debug|Any CPU
		Release|Any CPU = Release|Any CPU
	EndGlobalSection
	GlobalSection(ProjectConfigurationPlatforms) = postSolution
		{12E3E6D5-1A25-4240-B1A4-AF950DC1EFB3}.Debug|Any CPU.ActiveCfg = Debug|Any CPU
		{12E3E6D5-1A25-4240-B1A4-AF950DC1EFB3}.Debug|Any CPU.Build.0 = Debug|Any CPU
		{12E3E6D5-1A25-4240-B1A4-AF950DC1EFB3}.Release|Any CPU.ActiveCfg = Release|Any CPU
		{12E3E6D5-1A25-4240-B1A4-AF950DC1EFB3}.Release|Any CPU.Build.0 = Release|Any CPU
	EndGlobalSection
	GlobalSection(SolutionProperties) = preSolution
		HideSolutionNode = FALSE
	EndGlobalSection
	GlobalSection(ExtensibilityGlobals) = postSolution
		SolutionGuid = {66F9A103-24A7-4C0C-863A-27E7D97581A1}
	EndGlobalSection
EndGlobal
