
Microsoft Visual Studio Solution File, Format Version 12.00
# Visual Studio Version 17
VisualStudioVersion = 17.3.32825.248
MinimumVisualStudioVersion = 10.0.40219.1
Project("{FAE04EC0-301F-11D3-BF4B-00C04F79EFBC}") = "Matrix", "Matrix\Matrix.csproj", "{9C0969EE-3486-41BA-96A2-D39C1C9188AE}"
EndProject
Global
	GlobalSection(SolutionConfigurationPlatforms) = preSolution
		Debug|Any CPU = Debug|Any CPU
		Release|Any CPU = Release|Any CPU
	EndGlobalSection
	GlobalSection(ProjectConfigurationPlatforms) = postSolution
		{9C0969EE-3486-41BA-96A2-D39C1C9188AE}.Debug|Any CPU.ActiveCfg = Debug|Any CPU
		{9C0969EE-3486-41BA-96A2-D39C1C9188AE}.Debug|Any CPU.Build.0 = Debug|Any CPU
		{9C0969EE-3486-41BA-96A2-D39C1C9188AE}.Release|Any CPU.ActiveCfg = Release|Any CPU
		{9C0969EE-3486-41BA-96A2-D39C1C9188AE}.Release|Any CPU.Build.0 = Release|Any CPU
	EndGlobalSection
	GlobalSection(SolutionProperties) = preSolution
		HideSolutionNode = FALSE
	EndGlobalSection
	GlobalSection(ExtensibilityGlobals) = postSolution
		SolutionGuid = {976F62A3-8E4E-4B85-AFA6-466D6BE67F51}
	EndGlobalSection
EndGlobal
